
Microsoft Visual Studio Solution File, Format Version 12.00
# Visual Studio Version 17
VisualStudioVersion = 17.5.33516.290
MinimumVisualStudioVersion = 10.0.40219.1
Project("{FAE04EC0-301F-11D3-BF4B-00C04F79EFBC}") = "Home20", "Home20.csproj", "{EA2E6F32-35E1-48B8-BA9C-2484137C2DD3}"
EndProject
Global
	GlobalSection(SolutionConfigurationPlatforms) = preSolution
		Debug|Any CPU = Debug|Any CPU
		Release|Any CPU = Release|Any CPU
	EndGlobalSection
	GlobalSection(ProjectConfigurationPlatforms) = postSolution
		{EA2E6F32-35E1-48B8-BA9C-2484137C2DD3}.Debug|Any CPU.ActiveCfg = Debug|Any CPU
		{EA2E6F32-35E1-48B8-BA9C-2484137C2DD3}.Debug|Any CPU.Build.0 = Debug|Any CPU
		{EA2E6F32-35E1-48B8-BA9C-2484137C2DD3}.Release|Any CPU.ActiveCfg = Release|Any CPU
		{EA2E6F32-35E1-48B8-BA9C-2484137C2DD3}.Release|Any CPU.Build.0 = Release|Any CPU
	EndGlobalSection
	GlobalSection(SolutionProperties) = preSolution
		HideSolutionNode = FALSE
	EndGlobalSection
	GlobalSection(ExtensibilityGlobals) = postSolution
		SolutionGuid = {C2A4CB6B-F84E-4A21-8024-C7120680BA8F}
	EndGlobalSection
EndGlobal
